
Microsoft Visual Studio Solution File, Format Version 12.00
# Visual Studio Version 16
VisualStudioVersion = 16.0.31911.196
MinimumVisualStudioVersion = 10.0.40219.1
Project("{FAE04EC0-301F-11D3-BF4B-00C04F79EFBC}") = "WebApplication1", "..\WebApplication1\WebApplication1.csproj", "{22F9390F-5A55-4D00-B1D0-7433CAC1255E}"
EndProject
Global
	GlobalSection(SolutionConfigurationPlatforms) = preSolution
		Debug|Any CPU = Debug|Any CPU
		Release|Any CPU = Release|Any CPU
	EndGlobalSection
	GlobalSection(ProjectConfigurationPlatforms) = postSolution
		{22F9390F-5A55-4D00-B1D0-7433CAC1255E}.Debug|Any CPU.ActiveCfg = Debug|Any CPU
		{22F9390F-5A55-4D00-B1D0-7433CAC1255E}.Debug|Any CPU.Build.0 = Debug|Any CPU
		{22F9390F-5A55-4D00-B1D0-7433CAC1255E}.Release|Any CPU.ActiveCfg = Release|Any CPU
		{22F9390F-5A55-4D00-B1D0-7433CAC1255E}.Release|Any CPU.Build.0 = Release|Any CPU
	EndGlobalSection
	GlobalSection(SolutionProperties) = preSolution
		HideSolutionNode = FALSE
	EndGlobalSection
	GlobalSection(ExtensibilityGlobals) = postSolution
		SolutionGuid = {8AF16367-B944-487B-85AD-A0C0070FAA66}
	EndGlobalSection
EndGlobal
